
Microsoft Visual Studio Solution File, Format Version 12.00
# Visual Studio Version 17
VisualStudioVersion = 17.10.35027.167
MinimumVisualStudioVersion = 10.0.40219.1
Project("{9A19103F-16F7-4668-BE54-9A1E7A4F7556}") = "MazeRunnerGenericAlg", "MazeRunnerGenericAlg.csproj", "{B147FAC1-DFBA-490C-A498-F08750E23CE7}"
EndProject
Project("{FAE04EC0-301F-11D3-BF4B-00C04F79EFBC}") = "MazeRunnerSinglePlayer", "..\MazeRunnerSinglePlayer\MazeRunnerSinglePlayer.csproj", "{55CD3020-E08A-4048-96A7-E31350A0B4D2}"
EndProject
Global
	GlobalSection(SolutionConfigurationPlatforms) = preSolution
		Debug|Any CPU = Debug|Any CPU
		Release|Any CPU = Release|Any CPU
	EndGlobalSection
	GlobalSection(ProjectConfigurationPlatforms) = postSolution
		{B147FAC1-DFBA-490C-A498-F08750E23CE7}.Debug|Any CPU.ActiveCfg = Debug|Any CPU
		{B147FAC1-DFBA-490C-A498-F08750E23CE7}.Debug|Any CPU.Build.0 = Debug|Any CPU
		{B147FAC1-DFBA-490C-A498-F08750E23CE7}.Release|Any CPU.ActiveCfg = Release|Any CPU
		{B147FAC1-DFBA-490C-A498-F08750E23CE7}.Release|Any CPU.Build.0 = Release|Any CPU
		{55CD3020-E08A-4048-96A7-E31350A0B4D2}.Debug|Any CPU.ActiveCfg = Debug|Any CPU
		{55CD3020-E08A-4048-96A7-E31350A0B4D2}.Debug|Any CPU.Build.0 = Debug|Any CPU
		{55CD3020-E08A-4048-96A7-E31350A0B4D2}.Release|Any CPU.ActiveCfg = Release|Any CPU
		{55CD3020-E08A-4048-96A7-E31350A0B4D2}.Release|Any CPU.Build.0 = Release|Any CPU
	EndGlobalSection
	GlobalSection(SolutionProperties) = preSolution
		HideSolutionNode = FALSE
	EndGlobalSection
	GlobalSection(ExtensibilityGlobals) = postSolution
		SolutionGuid = {2BBF4E09-2998-4ADE-9CC2-6CB957840F97}
	EndGlobalSection
EndGlobal
